
Microsoft Visual Studio Solution File, Format Version 12.00
# Visual Studio Version 17
VisualStudioVersion = 17.7.34024.191
MinimumVisualStudioVersion = 10.0.40219.1
Project("{9A19103F-16F7-4668-BE54-9A1E7A4F7556}") = "TPI_Cine_Frontend", "TPI_Cine_Frontend\TPI_Cine_Frontend.csproj", "{6A1DCEB8-FCFD-4187-B8CD-191E6EE231B5}"
	ProjectSection(ProjectDependencies) = postProject
		{2962251F-61CE-475B-971C-F60AC72BEDE9} = {2962251F-61CE-475B-971C-F60AC72BEDE9}
	EndProjectSection
EndProject
Project("{9A19103F-16F7-4668-BE54-9A1E7A4F7556}") = "TPI_Cine_API", "TPI_Cine_API\TPI_Cine_API.csproj", "{889B9C96-2B6D-4F6C-86DB-FD6ECFC2000E}"
	ProjectSection(ProjectDependencies) = postProject
		{2962251F-61CE-475B-971C-F60AC72BEDE9} = {2962251F-61CE-475B-971C-F60AC72BEDE9}
	EndProjectSection
EndProject
Project("{9A19103F-16F7-4668-BE54-9A1E7A4F7556}") = "TPI_Backend", "TPI_Backend\TPI_Backend.csproj", "{2962251F-61CE-475B-971C-F60AC72BEDE9}"
EndProject
Global
	GlobalSection(SolutionConfigurationPlatforms) = preSolution
		Debug|Any CPU = Debug|Any CPU
		Release|Any CPU = Release|Any CPU
	EndGlobalSection
	GlobalSection(ProjectConfigurationPlatforms) = postSolution
		{6A1DCEB8-FCFD-4187-B8CD-191E6EE231B5}.Debug|Any CPU.ActiveCfg = Debug|Any CPU
		{6A1DCEB8-FCFD-4187-B8CD-191E6EE231B5}.Debug|Any CPU.Build.0 = Debug|Any CPU
		{6A1DCEB8-FCFD-4187-B8CD-191E6EE231B5}.Release|Any CPU.ActiveCfg = Release|Any CPU
		{6A1DCEB8-FCFD-4187-B8CD-191E6EE231B5}.Release|Any CPU.Build.0 = Release|Any CPU
		{889B9C96-2B6D-4F6C-86DB-FD6ECFC2000E}.Debug|Any CPU.ActiveCfg = Debug|Any CPU
		{889B9C96-2B6D-4F6C-86DB-FD6ECFC2000E}.Debug|Any CPU.Build.0 = Debug|Any CPU
		{889B9C96-2B6D-4F6C-86DB-FD6ECFC2000E}.Release|Any CPU.ActiveCfg = Release|Any CPU
		{889B9C96-2B6D-4F6C-86DB-FD6ECFC2000E}.Release|Any CPU.Build.0 = Release|Any CPU
		{2962251F-61CE-475B-971C-F60AC72BEDE9}.Debug|Any CPU.ActiveCfg = Debug|Any CPU
		{2962251F-61CE-475B-971C-F60AC72BEDE9}.Debug|Any CPU.Build.0 = Debug|Any CPU
		{2962251F-61CE-475B-971C-F60AC72BEDE9}.Release|Any CPU.ActiveCfg = Release|Any CPU
		{2962251F-61CE-475B-971C-F60AC72BEDE9}.Release|Any CPU.Build.0 = Release|Any CPU
	EndGlobalSection
	GlobalSection(SolutionProperties) = preSolution
		HideSolutionNode = FALSE
	EndGlobalSection
	GlobalSection(ExtensibilityGlobals) = postSolution
		SolutionGuid = {59E016DD-312A-4787-B0B7-C107D445CAC2}
	EndGlobalSection
EndGlobal
